
Microsoft Visual Studio Solution File, Format Version 12.00
# Visual Studio Version 16
VisualStudioVersion = 16.0.31911.196
MinimumVisualStudioVersion = 10.0.40219.1
Project("{FAE04EC0-301F-11D3-BF4B-00C04F79EFBC}") = "BasicClassesExercise", "BasicClassesExercise.csproj", "{6F371FD1-F9E4-40C6-9BCD-0D4FE4FE5544}"
EndProject
Global
	GlobalSection(SolutionConfigurationPlatforms) = preSolution
		Debug|Any CPU = Debug|Any CPU
		Release|Any CPU = Release|Any CPU
	EndGlobalSection
	GlobalSection(ProjectConfigurationPlatforms) = postSolution
		{6F371FD1-F9E4-40C6-9BCD-0D4FE4FE5544}.Debug|Any CPU.ActiveCfg = Debug|Any CPU
		{6F371FD1-F9E4-40C6-9BCD-0D4FE4FE5544}.Debug|Any CPU.Build.0 = Debug|Any CPU
		{6F371FD1-F9E4-40C6-9BCD-0D4FE4FE5544}.Release|Any CPU.ActiveCfg = Release|Any CPU
		{6F371FD1-F9E4-40C6-9BCD-0D4FE4FE5544}.Release|Any CPU.Build.0 = Release|Any CPU
	EndGlobalSection
	GlobalSection(SolutionProperties) = preSolution
		HideSolutionNode = FALSE
	EndGlobalSection
	GlobalSection(ExtensibilityGlobals) = postSolution
		SolutionGuid = {9A71D916-64C2-470A-A0E2-7B26A15FAA5E}
	EndGlobalSection
EndGlobal
